
Microsoft Visual Studio Solution File, Format Version 12.00
# Visual Studio Version 17
VisualStudioVersion = 17.0.31903.59
MinimumVisualStudioVersion = 10.0.40219.1
Project("{2150E333-8FDC-42A3-9474-1A3956D46DE8}") = "src", "src", "{827E0CD3-B72D-47B6-A68D-7590B98EB39B}"
EndProject
Project("{FAE04EC0-301F-11D3-BF4B-00C04F79EFBC}") = "Atlas.Web", "src\Atlas.Web\Atlas.Web.csproj", "{89711C41-D2BD-4DE1-90BF-EB2E2A87D487}"
EndProject
Project("{FAE04EC0-301F-11D3-BF4B-00C04F79EFBC}") = "Atlas.Api", "src\Atlas.Api\Atlas.Api.csproj", "{BAA12F98-1C9F-4E76-9E32-19342DBD2F03}"
EndProject
Project("{FAE04EC0-301F-11D3-BF4B-00C04F79EFBC}") = "Atlas.Infrastructure", "src\Atlas.Infrastructure\Atlas.Infrastructure.csproj", "{769C97BA-E8CD-486F-9DCC-B8FFF33EFDF8}"
EndProject
Project("{FAE04EC0-301F-11D3-BF4B-00C04F79EFBC}") = "Atlas.Core", "src\Atlas.Core\Atlas.Core.csproj", "{814F1214-744B-4393-BDBC-7350B0F36FF2}"
EndProject
Project("{FAE04EC0-301F-11D3-BF4B-00C04F79EFBC}") = "Atlas.Contracts", "src\Atlas.Contracts\Atlas.Contracts.csproj", "{77D466CC-CED6-4B4F-A2D7-42241499D9A2}"
EndProject
Project("{FAE04EC0-301F-11D3-BF4B-00C04F79EFBC}") = "Atlas.UIKit", "src\Atlas.UIKit\Atlas.UIKit.csproj", "{523E71FA-334E-4F14-B010-645E028691BE}"
EndProject
Project("{FAE04EC0-301F-11D3-BF4B-00C04F79EFBC}") = "Atlas.Meridian.Player", "src\Atlas.Meridian.Player\Atlas.Meridian.Player.csproj", "{EB3F57AF-1357-48F1-9919-1E3D29EED6D1}"
EndProject
Project("{FAE04EC0-301F-11D3-BF4B-00C04F79EFBC}") = "Atlas.Meridian.Core", "src\Atlas.Meridian.Core\Atlas.Meridian.Core.csproj", "{359C2218-ACCD-4F1C-AE34-E898199D110B}"
EndProject
Project("{FAE04EC0-301F-11D3-BF4B-00C04F79EFBC}") = "Atlas.Apply", "src\Atlas.Apply\Atlas.Apply.csproj", "{410B6BD6-CB0F-4CCF-94F7-6777EA904C27}"
EndProject
Project("{FAE04EC0-301F-11D3-BF4B-00C04F79EFBC}") = "Atlas.Forge", "src\Atlas.Forge\Atlas.Forge.csproj", "{904BA24F-60F4-4A08-B72F-C6CB1460054F}"
EndProject
Project("{FAE04EC0-301F-11D3-BF4B-00C04F79EFBC}") = "Atlas.Meridian.App", "src\Atlas.Meridian.App\Atlas.Meridian.App.csproj", "{7121E456-202B-4FD6-8C96-4B19F4CC86DD}"
EndProject
Project("{2150E333-8FDC-42A3-9474-1A3956D46DE8}") = "tests", "tests", "{0AB3BF05-4346-4AA6-1389-037BE0695223}"
EndProject
Project("{FAE04EC0-301F-11D3-BF4B-00C04F79EFBC}") = "Atlas.Core.Tests", "tests\Atlas.Core.Tests\Atlas.Core.Tests.csproj", "{ADF27AC3-A06F-4AA0-AB8D-6C19ABF4BA67}"
EndProject
Project("{FAE04EC0-301F-11D3-BF4B-00C04F79EFBC}") = "Atlas.Infrastructure.Tests", "tests\Atlas.Infrastructure.Tests\Atlas.Infrastructure.Tests.csproj", "{26FE967C-98A2-4566-B524-1997D12C7E38}"
EndProject
Project("{FAE04EC0-301F-11D3-BF4B-00C04F79EFBC}") = "Atlas.Api.Tests", "tests\Atlas.Api.Tests\Atlas.Api.Tests.csproj", "{D92066D2-9587-4859-8EDE-44B299A17BD6}"
EndProject
Project("{FAE04EC0-301F-11D3-BF4B-00C04F79EFBC}") = "Atlas.Web.Tests", "tests\Atlas.Web.Tests\Atlas.Web.Tests.csproj", "{D3EB0F79-96B5-4D0C-92E2-C0769DB99BD7}"
EndProject
Project("{FAE04EC0-301F-11D3-BF4B-00C04F79EFBC}") = "Atlas.Meridian.Player.Tests", "tests\Atlas.Meridian.Player.Tests\Atlas.Meridian.Player.Tests.csproj", "{218ED3C0-F459-4079-A291-9C28387CBE23}"
EndProject
Project("{2150E333-8FDC-42A3-9474-1A3956D46DE8}") = "tools", "tools", "{07C2787E-EAC7-C090-1BA3-A61EC2A24D84}"
EndProject
Project("{FAE04EC0-301F-11D3-BF4B-00C04F79EFBC}") = "Atlas.DbMigrator", "tools\Atlas.DbMigrator\Atlas.DbMigrator.csproj", "{59F5EC0B-9DD3-4C0C-B5BB-C2E560F3A745}"
EndProject
Global
	GlobalSection(SolutionConfigurationPlatforms) = preSolution
		Debug|Any CPU = Debug|Any CPU
		Debug|x64 = Debug|x64
		Debug|x86 = Debug|x86
		Release|Any CPU = Release|Any CPU
		Release|x64 = Release|x64
		Release|x86 = Release|x86
	EndGlobalSection
	GlobalSection(ProjectConfigurationPlatforms) = postSolution
		{89711C41-D2BD-4DE1-90BF-EB2E2A87D487}.Debug|Any CPU.ActiveCfg = Debug|Any CPU
		{89711C41-D2BD-4DE1-90BF-EB2E2A87D487}.Debug|Any CPU.Build.0 = Debug|Any CPU
		{89711C41-D2BD-4DE1-90BF-EB2E2A87D487}.Debug|x64.ActiveCfg = Debug|Any CPU
		{89711C41-D2BD-4DE1-90BF-EB2E2A87D487}.Debug|x64.Build.0 = Debug|Any CPU
		{89711C41-D2BD-4DE1-90BF-EB2E2A87D487}.Debug|x86.ActiveCfg = Debug|Any CPU
		{89711C41-D2BD-4DE1-90BF-EB2E2A87D487}.Debug|x86.Build.0 = Debug|Any CPU
		{89711C41-D2BD-4DE1-90BF-EB2E2A87D487}.Release|Any CPU.ActiveCfg = Release|Any CPU
		{89711C41-D2BD-4DE1-90BF-EB2E2A87D487}.Release|Any CPU.Build.0 = Release|Any CPU
		{89711C41-D2BD-4DE1-90BF-EB2E2A87D487}.Release|x64.ActiveCfg = Release|Any CPU
		{89711C41-D2BD-4DE1-90BF-EB2E2A87D487}.Release|x64.Build.0 = Release|Any CPU
		{89711C41-D2BD-4DE1-90BF-EB2E2A87D487}.Release|x86.ActiveCfg = Release|Any CPU
		{89711C41-D2BD-4DE1-90BF-EB2E2A87D487}.Release|x86.Build.0 = Release|Any CPU
		{BAA12F98-1C9F-4E76-9E32-19342DBD2F03}.Debug|Any CPU.ActiveCfg = Debug|Any CPU
		{BAA12F98-1C9F-4E76-9E32-19342DBD2F03}.Debug|Any CPU.Build.0 = Debug|Any CPU
		{BAA12F98-1C9F-4E76-9E32-19342DBD2F03}.Debug|x64.ActiveCfg = Debug|Any CPU
		{BAA12F98-1C9F-4E76-9E32-19342DBD2F03}.Debug|x64.Build.0 = Debug|Any CPU
		{BAA12F98-1C9F-4E76-9E32-19342DBD2F03}.Debug|x86.ActiveCfg = Debug|Any CPU
		{BAA12F98-1C9F-4E76-9E32-19342DBD2F03}.Debug|x86.Build.0 = Debug|Any CPU
		{BAA12F98-1C9F-4E76-9E32-19342DBD2F03}.Release|Any CPU.ActiveCfg = Release|Any CPU
		{BAA12F98-1C9F-4E76-9E32-19342DBD2F03}.Release|Any CPU.Build.0 = Release|Any CPU
		{BAA12F98-1C9F-4E76-9E32-19342DBD2F03}.Release|x64.ActiveCfg = Release|Any CPU
		{BAA12F98-1C9F-4E76-9E32-19342DBD2F03}.Release|x64.Build.0 = Release|Any CPU
		{BAA12F98-1C9F-4E76-9E32-19342DBD2F03}.Release|x86.ActiveCfg = Release|Any CPU
		{BAA12F98-1C9F-4E76-9E32-19342DBD2F03}.Release|x86.Build.0 = Release|Any CPU
		{769C97BA-E8CD-486F-9DCC-B8FFF33EFDF8}.Debug|Any CPU.ActiveCfg = Debug|Any CPU
		{769C97BA-E8CD-486F-9DCC-B8FFF33EFDF8}.Debug|Any CPU.Build.0 = Debug|Any CPU
		{769C97BA-E8CD-486F-9DCC-B8FFF33EFDF8}.Debug|x64.ActiveCfg = Debug|Any CPU
		{769C97BA-E8CD-486F-9DCC-B8FFF33EFDF8}.Debug|x64.Build.0 = Debug|Any CPU
		{769C97BA-E8CD-486F-9DCC-B8FFF33EFDF8}.Debug|x86.ActiveCfg = Debug|Any CPU
		{769C97BA-E8CD-486F-9DCC-B8FFF33EFDF8}.Debug|x86.Build.0 = Debug|Any CPU
		{769C97BA-E8CD-486F-9DCC-B8FFF33EFDF8}.Release|Any CPU.ActiveCfg = Release|Any CPU
		{769C97BA-E8CD-486F-9DCC-B8FFF33EFDF8}.Release|Any CPU.Build.0 = Release|Any CPU
		{769C97BA-E8CD-486F-9DCC-B8FFF33EFDF8}.Release|x64.ActiveCfg = Release|Any CPU
		{769C97BA-E8CD-486F-9DCC-B8FFF33EFDF8}.Release|x64.Build.0 = Release|Any CPU
		{769C97BA-E8CD-486F-9DCC-B8FFF33EFDF8}.Release|x86.ActiveCfg = Release|Any CPU
		{769C97BA-E8CD-486F-9DCC-B8FFF33EFDF8}.Release|x86.Build.0 = Release|Any CPU
		{814F1214-744B-4393-BDBC-7350B0F36FF2}.Debug|Any CPU.ActiveCfg = Debug|Any CPU
		{814F1214-744B-4393-BDBC-7350B0F36FF2}.Debug|Any CPU.Build.0 = Debug|Any CPU
		{814F1214-744B-4393-BDBC-7350B0F36FF2}.Debug|x64.ActiveCfg = Debug|Any CPU
		{814F1214-744B-4393-BDBC-7350B0F36FF2}.Debug|x64.Build.0 = Debug|Any CPU
		{814F1214-744B-4393-BDBC-7350B0F36FF2}.Debug|x86.ActiveCfg = Debug|Any CPU
		{814F1214-744B-4393-BDBC-7350B0F36FF2}.Debug|x86.Build.0 = Debug|Any CPU
		{814F1214-744B-4393-BDBC-7350B0F36FF2}.Release|Any CPU.ActiveCfg = Release|Any CPU
		{814F1214-744B-4393-BDBC-7350B0F36FF2}.Release|Any CPU.Build.0 = Release|Any CPU
		{814F1214-744B-4393-BDBC-7350B0F36FF2}.Release|x64.ActiveCfg = Release|Any CPU
		{814F1214-744B-4393-BDBC-7350B0F36FF2}.Release|x64.Build.0 = Release|Any CPU
		{814F1214-744B-4393-BDBC-7350B0F36FF2}.Release|x86.ActiveCfg = Release|Any CPU
		{814F1214-744B-4393-BDBC-7350B0F36FF2}.Release|x86.Build.0 = Release|Any CPU
		{77D466CC-CED6-4B4F-A2D7-42241499D9A2}.Debug|Any CPU.ActiveCfg = Debug|Any CPU
		{77D466CC-CED6-4B4F-A2D7-42241499D9A2}.Debug|Any CPU.Build.0 = Debug|Any CPU
		{77D466CC-CED6-4B4F-A2D7-42241499D9A2}.Debug|x64.ActiveCfg = Debug|Any CPU
		{77D466CC-CED6-4B4F-A2D7-42241499D9A2}.Debug|x64.Build.0 = Debug|Any CPU
		{77D466CC-CED6-4B4F-A2D7-42241499D9A2}.Debug|x86.ActiveCfg = Debug|Any CPU
		{77D466CC-CED6-4B4F-A2D7-42241499D9A2}.Debug|x86.Build.0 = Debug|Any CPU
		{77D466CC-CED6-4B4F-A2D7-42241499D9A2}.Release|Any CPU.ActiveCfg = Release|Any CPU
		{77D466CC-CED6-4B4F-A2D7-42241499D9A2}.Release|Any CPU.Build.0 = Release|Any CPU
		{77D466CC-CED6-4B4F-A2D7-42241499D9A2}.Release|x64.ActiveCfg = Release|Any CPU
		{77D466CC-CED6-4B4F-A2D7-42241499D9A2}.Release|x64.Build.0 = Release|Any CPU
		{77D466CC-CED6-4B4F-A2D7-42241499D9A2}.Release|x86.ActiveCfg = Release|Any CPU
		{77D466CC-CED6-4B4F-A2D7-42241499D9A2}.Release|x86.Build.0 = Release|Any CPU
		{523E71FA-334E-4F14-B010-645E028691BE}.Debug|Any CPU.ActiveCfg = Debug|Any CPU
		{523E71FA-334E-4F14-B010-645E028691BE}.Debug|Any CPU.Build.0 = Debug|Any CPU
		{523E71FA-334E-4F14-B010-645E028691BE}.Debug|x64.ActiveCfg = Debug|Any CPU
		{523E71FA-334E-4F14-B010-645E028691BE}.Debug|x64.Build.0 = Debug|Any CPU
		{523E71FA-334E-4F14-B010-645E028691BE}.Debug|x86.ActiveCfg = Debug|Any CPU
		{523E71FA-334E-4F14-B010-645E028691BE}.Debug|x86.Build.0 = Debug|Any CPU
		{523E71FA-334E-4F14-B010-645E028691BE}.Release|Any CPU.ActiveCfg = Release|Any CPU
		{523E71FA-334E-4F14-B010-645E028691BE}.Release|Any CPU.Build.0 = Release|Any CPU
		{523E71FA-334E-4F14-B010-645E028691BE}.Release|x64.ActiveCfg = Release|Any CPU
		{523E71FA-334E-4F14-B010-645E028691BE}.Release|x64.Build.0 = Release|Any CPU
		{523E71FA-334E-4F14-B010-645E028691BE}.Release|x86.ActiveCfg = Release|Any CPU
		{523E71FA-334E-4F14-B010-645E028691BE}.Release|x86.Build.0 = Release|Any CPU
		{EB3F57AF-1357-48F1-9919-1E3D29EED6D1}.Debug|Any CPU.ActiveCfg = Debug|Any CPU
		{EB3F57AF-1357-48F1-9919-1E3D29EED6D1}.Debug|Any CPU.Build.0 = Debug|Any CPU
		{EB3F57AF-1357-48F1-9919-1E3D29EED6D1}.Debug|x64.ActiveCfg = Debug|Any CPU
		{EB3F57AF-1357-48F1-9919-1E3D29EED6D1}.Debug|x64.Build.0 = Debug|Any CPU
		{EB3F57AF-1357-48F1-9919-1E3D29EED6D1}.Debug|x86.ActiveCfg = Debug|Any CPU
		{EB3F57AF-1357-48F1-9919-1E3D29EED6D1}.Debug|x86.Build.0 = Debug|Any CPU
		{EB3F57AF-1357-48F1-9919-1E3D29EED6D1}.Release|Any CPU.ActiveCfg = Release|Any CPU
		{EB3F57AF-1357-48F1-9919-1E3D29EED6D1}.Release|Any CPU.Build.0 = Release|Any CPU
		{EB3F57AF-1357-48F1-9919-1E3D29EED6D1}.Release|x64.ActiveCfg = Release|Any CPU
		{EB3F57AF-1357-48F1-9919-1E3D29EED6D1}.Release|x64.Build.0 = Release|Any CPU
		{EB3F57AF-1357-48F1-9919-1E3D29EED6D1}.Release|x86.ActiveCfg = Release|Any CPU
		{EB3F57AF-1357-48F1-9919-1E3D29EED6D1}.Release|x86.Build.0 = Release|Any CPU
		{359C2218-ACCD-4F1C-AE34-E898199D110B}.Debug|Any CPU.ActiveCfg = Debug|Any CPU
		{359C2218-ACCD-4F1C-AE34-E898199D110B}.Debug|Any CPU.Build.0 = Debug|Any CPU
		{359C2218-ACCD-4F1C-AE34-E898199D110B}.Debug|x64.ActiveCfg = Debug|Any CPU
		{359C2218-ACCD-4F1C-AE34-E898199D110B}.Debug|x64.Build.0 = Debug|Any CPU
		{359C2218-ACCD-4F1C-AE34-E898199D110B}.Debug|x86.ActiveCfg = Debug|Any CPU
		{359C2218-ACCD-4F1C-AE34-E898199D110B}.Debug|x86.Build.0 = Debug|Any CPU
		{359C2218-ACCD-4F1C-AE34-E898199D110B}.Release|Any CPU.ActiveCfg = Release|Any CPU
		{359C2218-ACCD-4F1C-AE34-E898199D110B}.Release|Any CPU.Build.0 = Release|Any CPU
		{359C2218-ACCD-4F1C-AE34-E898199D110B}.Release|x64.ActiveCfg = Release|Any CPU
		{359C2218-ACCD-4F1C-AE34-E898199D110B}.Release|x64.Build.0 = Release|Any CPU
		{359C2218-ACCD-4F1C-AE34-E898199D110B}.Release|x86.ActiveCfg = Release|Any CPU
		{359C2218-ACCD-4F1C-AE34-E898199D110B}.Release|x86.Build.0 = Release|Any CPU
		{410B6BD6-CB0F-4CCF-94F7-6777EA904C27}.Debug|Any CPU.ActiveCfg = Debug|Any CPU
		{410B6BD6-CB0F-4CCF-94F7-6777EA904C27}.Debug|Any CPU.Build.0 = Debug|Any CPU
		{410B6BD6-CB0F-4CCF-94F7-6777EA904C27}.Debug|x64.ActiveCfg = Debug|Any CPU
		{410B6BD6-CB0F-4CCF-94F7-6777EA904C27}.Debug|x64.Build.0 = Debug|Any CPU
		{410B6BD6-CB0F-4CCF-94F7-6777EA904C27}.Debug|x86.ActiveCfg = Debug|Any CPU
		{410B6BD6-CB0F-4CCF-94F7-6777EA904C27}.Debug|x86.Build.0 = Debug|Any CPU
		{410B6BD6-CB0F-4CCF-94F7-6777EA904C27}.Release|Any CPU.ActiveCfg = Release|Any CPU
		{410B6BD6-CB0F-4CCF-94F7-6777EA904C27}.Release|Any CPU.Build.0 = Release|Any CPU
		{410B6BD6-CB0F-4CCF-94F7-6777EA904C27}.Release|x64.ActiveCfg = Release|Any CPU
		{410B6BD6-CB0F-4CCF-94F7-6777EA904C27}.Release|x64.Build.0 = Release|Any CPU
		{410B6BD6-CB0F-4CCF-94F7-6777EA904C27}.Release|x86.ActiveCfg = Release|Any CPU
		{410B6BD6-CB0F-4CCF-94F7-6777EA904C27}.Release|x86.Build.0 = Release|Any CPU
		{904BA24F-60F4-4A08-B72F-C6CB1460054F}.Debug|Any CPU.ActiveCfg = Debug|Any CPU
		{904BA24F-60F4-4A08-B72F-C6CB1460054F}.Debug|Any CPU.Build.0 = Debug|Any CPU
		{904BA24F-60F4-4A08-B72F-C6CB1460054F}.Debug|x64.ActiveCfg = Debug|Any CPU
		{904BA24F-60F4-4A08-B72F-C6CB1460054F}.Debug|x64.Build.0 = Debug|Any CPU
		{904BA24F-60F4-4A08-B72F-C6CB1460054F}.Debug|x86.ActiveCfg = Debug|Any CPU
		{904BA24F-60F4-4A08-B72F-C6CB1460054F}.Debug|x86.Build.0 = Debug|Any CPU
		{904BA24F-60F4-4A08-B72F-C6CB1460054F}.Release|Any CPU.ActiveCfg = Release|Any CPU
		{904BA24F-60F4-4A08-B72F-C6CB1460054F}.Release|Any CPU.Build.0 = Release|Any CPU
		{904BA24F-60F4-4A08-B72F-C6CB1460054F}.Release|x64.ActiveCfg = Release|Any CPU
		{904BA24F-60F4-4A08-B72F-C6CB1460054F}.Release|x64.Build.0 = Release|Any CPU
		{904BA24F-60F4-4A08-B72F-C6CB1460054F}.Release|x86.ActiveCfg = Release|Any CPU
		{904BA24F-60F4-4A08-B72F-C6CB1460054F}.Release|x86.Build.0 = Release|Any CPU
		{7121E456-202B-4FD6-8C96-4B19F4CC86DD}.Debug|Any CPU.ActiveCfg = Debug|Any CPU
		{7121E456-202B-4FD6-8C96-4B19F4CC86DD}.Debug|Any CPU.Build.0 = Debug|Any CPU
		{7121E456-202B-4FD6-8C96-4B19F4CC86DD}.Debug|x64.ActiveCfg = Debug|Any CPU
		{7121E456-202B-4FD6-8C96-4B19F4CC86DD}.Debug|x64.Build.0 = Debug|Any CPU
		{7121E456-202B-4FD6-8C96-4B19F4CC86DD}.Debug|x86.ActiveCfg = Debug|Any CPU
		{7121E456-202B-4FD6-8C96-4B19F4CC86DD}.Debug|x86.Build.0 = Debug|Any CPU
		{7121E456-202B-4FD6-8C96-4B19F4CC86DD}.Release|Any CPU.ActiveCfg = Release|Any CPU
		{7121E456-202B-4FD6-8C96-4B19F4CC86DD}.Release|Any CPU.Build.0 = Release|Any CPU
		{7121E456-202B-4FD6-8C96-4B19F4CC86DD}.Release|x64.ActiveCfg = Release|Any CPU
		{7121E456-202B-4FD6-8C96-4B19F4CC86DD}.Release|x64.Build.0 = Release|Any CPU
		{7121E456-202B-4FD6-8C96-4B19F4CC86DD}.Release|x86.ActiveCfg = Release|Any CPU
		{7121E456-202B-4FD6-8C96-4B19F4CC86DD}.Release|x86.Build.0 = Release|Any CPU
		{ADF27AC3-A06F-4AA0-AB8D-6C19ABF4BA67}.Debug|Any CPU.ActiveCfg = Debug|Any CPU
		{ADF27AC3-A06F-4AA0-AB8D-6C19ABF4BA67}.Debug|Any CPU.Build.0 = Debug|Any CPU
		{ADF27AC3-A06F-4AA0-AB8D-6C19ABF4BA67}.Debug|x64.ActiveCfg = Debug|Any CPU
		{ADF27AC3-A06F-4AA0-AB8D-6C19ABF4BA67}.Debug|x64.Build.0 = Debug|Any CPU
		{ADF27AC3-A06F-4AA0-AB8D-6C19ABF4BA67}.Debug|x86.ActiveCfg = Debug|Any CPU
		{ADF27AC3-A06F-4AA0-AB8D-6C19ABF4BA67}.Debug|x86.Build.0 = Debug|Any CPU
		{ADF27AC3-A06F-4AA0-AB8D-6C19ABF4BA67}.Release|Any CPU.ActiveCfg = Release|Any CPU
		{ADF27AC3-A06F-4AA0-AB8D-6C19ABF4BA67}.Release|Any CPU.Build.0 = Release|Any CPU
		{ADF27AC3-A06F-4AA0-AB8D-6C19ABF4BA67}.Release|x64.ActiveCfg = Release|Any CPU
		{ADF27AC3-A06F-4AA0-AB8D-6C19ABF4BA67}.Release|x64.Build.0 = Release|Any CPU
		{ADF27AC3-A06F-4AA0-AB8D-6C19ABF4BA67}.Release|x86.ActiveCfg = Release|Any CPU
		{ADF27AC3-A06F-4AA0-AB8D-6C19ABF4BA67}.Release|x86.Build.0 = Release|Any CPU
		{26FE967C-98A2-4566-B524-1997D12C7E38}.Debug|Any CPU.ActiveCfg = Debug|Any CPU
		{26FE967C-98A2-4566-B524-1997D12C7E38}.Debug|Any CPU.Build.0 = Debug|Any CPU
		{26FE967C-98A2-4566-B524-1997D12C7E38}.Debug|x64.ActiveCfg = Debug|Any CPU
		{26FE967C-98A2-4566-B524-1997D12C7E38}.Debug|x64.Build.0 = Debug|Any CPU
		{26FE967C-98A2-4566-B524-1997D12C7E38}.Debug|x86.ActiveCfg = Debug|Any CPU
		{26FE967C-98A2-4566-B524-1997D12C7E38}.Debug|x86.Build.0 = Debug|Any CPU
		{26FE967C-98A2-4566-B524-1997D12C7E38}.Release|Any CPU.ActiveCfg = Release|Any CPU
		{26FE967C-98A2-4566-B524-1997D12C7E38}.Release|Any CPU.Build.0 = Release|Any CPU
		{26FE967C-98A2-4566-B524-1997D12C7E38}.Release|x64.ActiveCfg = Release|Any CPU
		{26FE967C-98A2-4566-B524-1997D12C7E38}.Release|x64.Build.0 = Release|Any CPU
		{26FE967C-98A2-4566-B524-1997D12C7E38}.Release|x86.ActiveCfg = Release|Any CPU
		{26FE967C-98A2-4566-B524-1997D12C7E38}.Release|x86.Build.0 = Release|Any CPU
		{D92066D2-9587-4859-8EDE-44B299A17BD6}.Debug|Any CPU.ActiveCfg = Debug|Any CPU
		{D92066D2-9587-4859-8EDE-44B299A17BD6}.Debug|Any CPU.Build.0 = Debug|Any CPU
		{D92066D2-9587-4859-8EDE-44B299A17BD6}.Debug|x64.ActiveCfg = Debug|Any CPU
		{D92066D2-9587-4859-8EDE-44B299A17BD6}.Debug|x64.Build.0 = Debug|Any CPU
		{D92066D2-9587-4859-8EDE-44B299A17BD6}.Debug|x86.ActiveCfg = Debug|Any CPU
		{D92066D2-9587-4859-8EDE-44B299A17BD6}.Debug|x86.Build.0 = Debug|Any CPU
		{D92066D2-9587-4859-8EDE-44B299A17BD6}.Release|Any CPU.ActiveCfg = Release|Any CPU
		{D92066D2-9587-4859-8EDE-44B299A17BD6}.Release|Any CPU.Build.0 = Release|Any CPU
		{D92066D2-9587-4859-8EDE-44B299A17BD6}.Release|x64.ActiveCfg = Release|Any CPU
		{D92066D2-9587-4859-8EDE-44B299A17BD6}.Release|x64.Build.0 = Release|Any CPU
		{D92066D2-9587-4859-8EDE-44B299A17BD6}.Release|x86.ActiveCfg = Release|Any CPU
		{D92066D2-9587-4859-8EDE-44B299A17BD6}.Release|x86.Build.0 = Release|Any CPU
		{D3EB0F79-96B5-4D0C-92E2-C0769DB99BD7}.Debug|Any CPU.ActiveCfg = Debug|Any CPU
		{D3EB0F79-96B5-4D0C-92E2-C0769DB99BD7}.Debug|Any CPU.Build.0 = Debug|Any CPU
		{D3EB0F79-96B5-4D0C-92E2-C0769DB99BD7}.Debug|x64.ActiveCfg = Debug|Any CPU
		{D3EB0F79-96B5-4D0C-92E2-C0769DB99BD7}.Debug|x64.Build.0 = Debug|Any CPU
		{D3EB0F79-96B5-4D0C-92E2-C0769DB99BD7}.Debug|x86.ActiveCfg = Debug|Any CPU
		{D3EB0F79-96B5-4D0C-92E2-C0769DB99BD7}.Debug|x86.Build.0 = Debug|Any CPU
		{D3EB0F79-96B5-4D0C-92E2-C0769DB99BD7}.Release|Any CPU.ActiveCfg = Release|Any CPU
		{D3EB0F79-96B5-4D0C-92E2-C0769DB99BD7}.Release|Any CPU.Build.0 = Release|Any CPU
		{D3EB0F79-96B5-4D0C-92E2-C0769DB99BD7}.Release|x64.ActiveCfg = Release|Any CPU
		{D3EB0F79-96B5-4D0C-92E2-C0769DB99BD7}.Release|x64.Build.0 = Release|Any CPU
		{D3EB0F79-96B5-4D0C-92E2-C0769DB99BD7}.Release|x86.ActiveCfg = Release|Any CPU
		{D3EB0F79-96B5-4D0C-92E2-C0769DB99BD7}.Release|x86.Build.0 = Release|Any CPU
		{218ED3C0-F459-4079-A291-9C28387CBE23}.Debug|Any CPU.ActiveCfg = Debug|Any CPU
		{218ED3C0-F459-4079-A291-9C28387CBE23}.Debug|Any CPU.Build.0 = Debug|Any CPU
		{218ED3C0-F459-4079-A291-9C28387CBE23}.Debug|x64.ActiveCfg = Debug|Any CPU
		{218ED3C0-F459-4079-A291-9C28387CBE23}.Debug|x64.Build.0 = Debug|Any CPU
		{218ED3C0-F459-4079-A291-9C28387CBE23}.Debug|x86.ActiveCfg = Debug|Any CPU
		{218ED3C0-F459-4079-A291-9C28387CBE23}.Debug|x86.Build.0 = Debug|Any CPU
		{218ED3C0-F459-4079-A291-9C28387CBE23}.Release|Any CPU.ActiveCfg = Release|Any CPU
		{218ED3C0-F459-4079-A291-9C28387CBE23}.Release|Any CPU.Build.0 = Release|Any CPU
		{218ED3C0-F459-4079-A291-9C28387CBE23}.Release|x64.ActiveCfg = Release|Any CPU
		{218ED3C0-F459-4079-A291-9C28387CBE23}.Release|x64.Build.0 = Release|Any CPU
		{218ED3C0-F459-4079-A291-9C28387CBE23}.Release|x86.ActiveCfg = Release|Any CPU
		{218ED3C0-F459-4079-A291-9C28387CBE23}.Release|x86.Build.0 = Release|Any CPU
		{59F5EC0B-9DD3-4C0C-B5BB-C2E560F3A745}.Debug|Any CPU.ActiveCfg = Debug|Any CPU
		{59F5EC0B-9DD3-4C0C-B5BB-C2E560F3A745}.Debug|Any CPU.Build.0 = Debug|Any CPU
		{59F5EC0B-9DD3-4C0C-B5BB-C2E560F3A745}.Debug|x64.ActiveCfg = Debug|Any CPU
		{59F5EC0B-9DD3-4C0C-B5BB-C2E560F3A745}.Debug|x64.Build.0 = Debug|Any CPU
		{59F5EC0B-9DD3-4C0C-B5BB-C2E560F3A745}.Debug|x86.ActiveCfg = Debug|Any CPU
		{59F5EC0B-9DD3-4C0C-B5BB-C2E560F3A745}.Debug|x86.Build.0 = Debug|Any CPU
		{59F5EC0B-9DD3-4C0C-B5BB-C2E560F3A745}.Release|Any CPU.ActiveCfg = Release|Any CPU
		{59F5EC0B-9DD3-4C0C-B5BB-C2E560F3A745}.Release|Any CPU.Build.0 = Release|Any CPU
		{59F5EC0B-9DD3-4C0C-B5BB-C2E560F3A745}.Release|x64.ActiveCfg = Release|Any CPU
		{59F5EC0B-9DD3-4C0C-B5BB-C2E560F3A745}.Release|x64.Build.0 = Release|Any CPU
		{59F5EC0B-9DD3-4C0C-B5BB-C2E560F3A745}.Release|x86.ActiveCfg = Release|Any CPU
		{59F5EC0B-9DD3-4C0C-B5BB-C2E560F3A745}.Release|x86.Build.0 = Release|Any CPU
	EndGlobalSection
	GlobalSection(SolutionProperties) = preSolution
		HideSolutionNode = FALSE
	EndGlobalSection
	GlobalSection(NestedProjects) = preSolution
		{89711C41-D2BD-4DE1-90BF-EB2E2A87D487} = {827E0CD3-B72D-47B6-A68D-7590B98EB39B}
		{BAA12F98-1C9F-4E76-9E32-19342DBD2F03} = {827E0CD3-B72D-47B6-A68D-7590B98EB39B}
		{769C97BA-E8CD-486F-9DCC-B8FFF33EFDF8} = {827E0CD3-B72D-47B6-A68D-7590B98EB39B}
		{814F1214-744B-4393-BDBC-7350B0F36FF2} = {827E0CD3-B72D-47B6-A68D-7590B98EB39B}
		{77D466CC-CED6-4B4F-A2D7-42241499D9A2} = {827E0CD3-B72D-47B6-A68D-7590B98EB39B}
		{523E71FA-334E-4F14-B010-645E028691BE} = {827E0CD3-B72D-47B6-A68D-7590B98EB39B}
		{EB3F57AF-1357-48F1-9919-1E3D29EED6D1} = {827E0CD3-B72D-47B6-A68D-7590B98EB39B}
		{359C2218-ACCD-4F1C-AE34-E898199D110B} = {827E0CD3-B72D-47B6-A68D-7590B98EB39B}
		{410B6BD6-CB0F-4CCF-94F7-6777EA904C27} = {827E0CD3-B72D-47B6-A68D-7590B98EB39B}
		{904BA24F-60F4-4A08-B72F-C6CB1460054F} = {827E0CD3-B72D-47B6-A68D-7590B98EB39B}
		{7121E456-202B-4FD6-8C96-4B19F4CC86DD} = {827E0CD3-B72D-47B6-A68D-7590B98EB39B}
		{ADF27AC3-A06F-4AA0-AB8D-6C19ABF4BA67} = {0AB3BF05-4346-4AA6-1389-037BE0695223}
		{26FE967C-98A2-4566-B524-1997D12C7E38} = {0AB3BF05-4346-4AA6-1389-037BE0695223}
		{D92066D2-9587-4859-8EDE-44B299A17BD6} = {0AB3BF05-4346-4AA6-1389-037BE0695223}
		{D3EB0F79-96B5-4D0C-92E2-C0769DB99BD7} = {0AB3BF05-4346-4AA6-1389-037BE0695223}
		{218ED3C0-F459-4079-A291-9C28387CBE23} = {0AB3BF05-4346-4AA6-1389-037BE0695223}
		{59F5EC0B-9DD3-4C0C-B5BB-C2E560F3A745} = {07C2787E-EAC7-C090-1BA3-A61EC2A24D84}
	EndGlobalSection
EndGlobal
